
Microsoft Visual Studio Solution File, Format Version 12.00
Project("{FAE04EC0-301F-11D3-BF4B-00C04F79EFBC}") = "SkyVault.WebApp", "SkyVault.WebApp\SkyVault.WebApp.csproj", "{D4F6BF6C-F6AB-4564-8A0D-C6CBFA4D7A6B}"
EndProject
Project("{FAE04EC0-301F-11D3-BF4B-00C04F79EFBC}") = "SkyVault", "SkyVault\SkyVault.csproj", "{A79CF2C0-E3AF-4C59-A46F-66F92505CC41}"
EndProject
Project("{FAE04EC0-301F-11D3-BF4B-00C04F79EFBC}") = "SkyVault.WebApi", "SkyVault.WebApi\SkyVault.WebApi.csproj", "{92B6E0AE-AA43-41D8-BF81-0F3D7AF2101F}"
EndProject
Global
	GlobalSection(SolutionConfigurationPlatforms) = preSolution
		Debug|Any CPU = Debug|Any CPU
		Release|Any CPU = Release|Any CPU
	EndGlobalSection
	GlobalSection(ProjectConfigurationPlatforms) = postSolution
		{D4F6BF6C-F6AB-4564-8A0D-C6CBFA4D7A6B}.Debug|Any CPU.ActiveCfg = Debug|Any CPU
		{D4F6BF6C-F6AB-4564-8A0D-C6CBFA4D7A6B}.Debug|Any CPU.Build.0 = Debug|Any CPU
		{D4F6BF6C-F6AB-4564-8A0D-C6CBFA4D7A6B}.Release|Any CPU.ActiveCfg = Release|Any CPU
		{D4F6BF6C-F6AB-4564-8A0D-C6CBFA4D7A6B}.Release|Any CPU.Build.0 = Release|Any CPU
		{A79CF2C0-E3AF-4C59-A46F-66F92505CC41}.Debug|Any CPU.ActiveCfg = Debug|Any CPU
		{A79CF2C0-E3AF-4C59-A46F-66F92505CC41}.Debug|Any CPU.Build.0 = Debug|Any CPU
		{A79CF2C0-E3AF-4C59-A46F-66F92505CC41}.Release|Any CPU.ActiveCfg = Release|Any CPU
		{A79CF2C0-E3AF-4C59-A46F-66F92505CC41}.Release|Any CPU.Build.0 = Release|Any CPU
		{92B6E0AE-AA43-41D8-BF81-0F3D7AF2101F}.Debug|Any CPU.ActiveCfg = Debug|Any CPU
		{92B6E0AE-AA43-41D8-BF81-0F3D7AF2101F}.Debug|Any CPU.Build.0 = Debug|Any CPU
		{92B6E0AE-AA43-41D8-BF81-0F3D7AF2101F}.Release|Any CPU.ActiveCfg = Release|Any CPU
		{92B6E0AE-AA43-41D8-BF81-0F3D7AF2101F}.Release|Any CPU.Build.0 = Release|Any CPU
	EndGlobalSection
EndGlobal
